
Microsoft Visual Studio Solution File, Format Version 12.00
# Visual Studio Version 17
VisualStudioVersion = 17.3.32922.545
MinimumVisualStudioVersion = 10.0.40219.1
Project("{FAE04EC0-301F-11D3-BF4B-00C04F79EFBC}") = "PongOnlineServer", "PongOnlineServer\PongOnlineServer.csproj", "{294134F1-0D66-43BC-94DB-1203549E50F7}"
EndProject
Global
	GlobalSection(SolutionConfigurationPlatforms) = preSolution
		Debug|Any CPU = Debug|Any CPU
		Release|Any CPU = Release|Any CPU
	EndGlobalSection
	GlobalSection(ProjectConfigurationPlatforms) = postSolution
		{294134F1-0D66-43BC-94DB-1203549E50F7}.Debug|Any CPU.ActiveCfg = Debug|Any CPU
		{294134F1-0D66-43BC-94DB-1203549E50F7}.Debug|Any CPU.Build.0 = Debug|Any CPU
		{294134F1-0D66-43BC-94DB-1203549E50F7}.Release|Any CPU.ActiveCfg = Release|Any CPU
		{294134F1-0D66-43BC-94DB-1203549E50F7}.Release|Any CPU.Build.0 = Release|Any CPU
	EndGlobalSection
	GlobalSection(SolutionProperties) = preSolution
		HideSolutionNode = FALSE
	EndGlobalSection
	GlobalSection(ExtensibilityGlobals) = postSolution
		SolutionGuid = {3AEBBB54-D7B9-4CB7-B7FA-E0F009F3604F}
	EndGlobalSection
EndGlobal
